
Microsoft Visual Studio Solution File, Format Version 12.00
# Visual Studio 14
VisualStudioVersion = 14.0.23107.0
MinimumVisualStudioVersion = 10.0.40219.1
Project("{FAE04EC0-301F-11D3-BF4B-00C04F79EFBC}") = "ExtensionMethod", "ExtensionMethod\ExtensionMethod.csproj", "{99C62E49-02CB-419A-8835-01944AB5C98C}"
EndProject
Project("{2150E333-8FDC-42A3-9474-1A3956D46DE8}") = "扩展方法", "扩展方法", "{6044739F-8888-4743-A182-C82BEB49BB28}"
EndProject
Project("{2150E333-8FDC-42A3-9474-1A3956D46DE8}") = "企业库", "企业库", "{78F88BF3-CB11-4E66-BDB0-096E5D8D8CF4}"
EndProject
Project("{FAE04EC0-301F-11D3-BF4B-00C04F79EFBC}") = "Bayker.LogLibrary", "Bayker.LogLibrary\Bayker.LogLibrary.csproj", "{2324EBF7-A8E6-44FE-9755-450230C082FC}"
EndProject
Global
	GlobalSection(SolutionConfigurationPlatforms) = preSolution
		Debug|Any CPU = Debug|Any CPU
		Release|Any CPU = Release|Any CPU
	EndGlobalSection
	GlobalSection(ProjectConfigurationPlatforms) = postSolution
		{99C62E49-02CB-419A-8835-01944AB5C98C}.Debug|Any CPU.ActiveCfg = Debug|Any CPU
		{99C62E49-02CB-419A-8835-01944AB5C98C}.Debug|Any CPU.Build.0 = Debug|Any CPU
		{99C62E49-02CB-419A-8835-01944AB5C98C}.Release|Any CPU.ActiveCfg = Release|Any CPU
		{99C62E49-02CB-419A-8835-01944AB5C98C}.Release|Any CPU.Build.0 = Release|Any CPU
		{2324EBF7-A8E6-44FE-9755-450230C082FC}.Debug|Any CPU.ActiveCfg = Debug|Any CPU
		{2324EBF7-A8E6-44FE-9755-450230C082FC}.Debug|Any CPU.Build.0 = Debug|Any CPU
		{2324EBF7-A8E6-44FE-9755-450230C082FC}.Release|Any CPU.ActiveCfg = Release|Any CPU
		{2324EBF7-A8E6-44FE-9755-450230C082FC}.Release|Any CPU.Build.0 = Release|Any CPU
	EndGlobalSection
	GlobalSection(SolutionProperties) = preSolution
		HideSolutionNode = FALSE
	EndGlobalSection
	GlobalSection(NestedProjects) = preSolution
		{99C62E49-02CB-419A-8835-01944AB5C98C} = {6044739F-8888-4743-A182-C82BEB49BB28}
		{2324EBF7-A8E6-44FE-9755-450230C082FC} = {78F88BF3-CB11-4E66-BDB0-096E5D8D8CF4}
	EndGlobalSection
EndGlobal
